// !$*UTF8*$!
{
	archiveVersion = 1;
	classes = {
	};
	objectVersion = 56;
	objects = {

/* Begin PBXBuildFile section */
		181BE6412930937A00F80E1E /* AppDelegate.swift in Sources */ = {isa = PBXBuildFile; fileRef = 181BE6402930937A00F80E1E /* AppDelegate.swift */; };
		181BE6432930937A00F80E1E /* SceneDelegate.swift in Sources */ = {isa = PBXBuildFile; fileRef = 181BE6422930937A00F80E1E /* SceneDelegate.swift */; };
		181BE6452930937A00F80E1E /* HomeViewController.swift in Sources */ = {isa = PBXBuildFile; fileRef = 181BE6442930937A00F80E1E /* HomeViewController.swift */; };
		181BE64B2930937A00F80E1E /* Carteck_Sample.xcdatamodeld in Sources */ = {isa = PBXBuildFile; fileRef = 181BE6492930937A00F80E1E /* Carteck_Sample.xcdatamodeld */; };
		181BE64D2930937C00F80E1E /* Assets.xcassets in Resources */ = {isa = PBXBuildFile; fileRef = 181BE64C2930937C00F80E1E /* Assets.xcassets */; };
		181BE6502930937C00F80E1E /* LaunchScreen.storyboard in Resources */ = {isa = PBXBuildFile; fileRef = 181BE64E2930937C00F80E1E /* LaunchScreen.storyboard */; };
		181BE67929309C5800F80E1E /* HomeVCComposer.swift in Sources */ = {isa = PBXBuildFile; fileRef = 181BE67829309C5800F80E1E /* HomeVCComposer.swift */; };
		181BE67C29309CA800F80E1E /* HomeVCViewModel.swift in Sources */ = {isa = PBXBuildFile; fileRef = 181BE67B29309CA800F80E1E /* HomeVCViewModel.swift */; };
		181BE6822930A02300F80E1E /* NetworkClient.swift in Sources */ = {isa = PBXBuildFile; fileRef = 181BE67E2930A02300F80E1E /* NetworkClient.swift */; };
		181BE6832930A02300F80E1E /* NetworkManager.swift in Sources */ = {isa = PBXBuildFile; fileRef = 181BE67F2930A02300F80E1E /* NetworkManager.swift */; };
		181BE6842930A02300F80E1E /* APIResult.swift in Sources */ = {isa = PBXBuildFile; fileRef = 181BE6802930A02300F80E1E /* APIResult.swift */; };
		181BE6852930A02300F80E1E /* Endpoint.swift in Sources */ = {isa = PBXBuildFile; fileRef = 181BE6812930A02300F80E1E /* Endpoint.swift */; };
		181BE6882930A08500F80E1E /* NibViewController.swift in Sources */ = {isa = PBXBuildFile; fileRef = 181BE6872930A08500F80E1E /* NibViewController.swift */; };
		181BE68B2930A0B900F80E1E /* HTTPURLResponseExt.swift in Sources */ = {isa = PBXBuildFile; fileRef = 181BE68A2930A0B900F80E1E /* HTTPURLResponseExt.swift */; };
		181BE68E2930A0EC00F80E1E /* AlertBehavior.swift in Sources */ = {isa = PBXBuildFile; fileRef = 181BE68D2930A0EC00F80E1E /* AlertBehavior.swift */; };
		181BE6902930A10E00F80E1E /* LoadingBehavior.swift in Sources */ = {isa = PBXBuildFile; fileRef = 181BE68F2930A10E00F80E1E /* LoadingBehavior.swift */; };
		1854824A2930F9A800BD6498 /* LoginViewController.swift in Sources */ = {isa = PBXBuildFile; fileRef = 185482492930F9A800BD6498 /* LoginViewController.swift */; };
		1854824C2930F9CE00BD6498 /* LoginViewController.xib in Resources */ = {isa = PBXBuildFile; fileRef = 1854824B2930F9CE00BD6498 /* LoginViewController.xib */; };
		1854824E2930FA0000BD6498 /* LoginVCViewModel.swift in Sources */ = {isa = PBXBuildFile; fileRef = 1854824D2930FA0000BD6498 /* LoginVCViewModel.swift */; };
		18630B0A2930A777007003DE /* AlertInfo.swift in Sources */ = {isa = PBXBuildFile; fileRef = 18630B092930A777007003DE /* AlertInfo.swift */; };
		18630B0D2930A7C6007003DE /* AppSetup.swift in Sources */ = {isa = PBXBuildFile; fileRef = 18630B0C2930A7C6007003DE /* AppSetup.swift */; };
		18630B0F2930A7DA007003DE /* Configurator.swift in Sources */ = {isa = PBXBuildFile; fileRef = 18630B0E2930A7DA007003DE /* Configurator.swift */; };
		18630B122930A819007003DE /* APISettings.swift in Sources */ = {isa = PBXBuildFile; fileRef = 18630B112930A819007003DE /* APISettings.swift */; };
		18630B142930A879007003DE /* CodableExt.swift in Sources */ = {isa = PBXBuildFile; fileRef = 18630B132930A879007003DE /* CodableExt.swift */; };
		18630B172930AFD6007003DE /* UserAPI.swift in Sources */ = {isa = PBXBuildFile; fileRef = 18630B162930AFD6007003DE /* UserAPI.swift */; };
		18630B1A2930B11C007003DE /* People.swift in Sources */ = {isa = PBXBuildFile; fileRef = 18630B192930B11C007003DE /* People.swift */; };
		18630B1D2930B2BB007003DE /* CTUserParser.swift in Sources */ = {isa = PBXBuildFile; fileRef = 18630B1C2930B2BB007003DE /* CTUserParser.swift */; };
		18630B1F2930B31A007003DE /* UserParser.swift in Sources */ = {isa = PBXBuildFile; fileRef = 18630B1E2930B31A007003DE /* UserParser.swift */; };
		18630B212930B35E007003DE /* CTUserAPI.swift in Sources */ = {isa = PBXBuildFile; fileRef = 18630B202930B35E007003DE /* CTUserAPI.swift */; };
		18630B242930C545007003DE /* UserEndPoint.swift in Sources */ = {isa = PBXBuildFile; fileRef = 18630B232930C545007003DE /* UserEndPoint.swift */; };
		18630B282930D01E007003DE /* APISettings-Debug.plist in Resources */ = {isa = PBXBuildFile; fileRef = 18630B272930D01E007003DE /* APISettings-Debug.plist */; };
		18630B2A2930D123007003DE /* APISettings-Release.plist in Resources */ = {isa = PBXBuildFile; fileRef = 18630B292930D123007003DE /* APISettings-Release.plist */; };
		18630B2C2930D20F007003DE /* HomeViewController.xib in Resources */ = {isa = PBXBuildFile; fileRef = 18630B2B2930D20F007003DE /* HomeViewController.xib */; };
		18861FC0293108A30050556F /* LoginVCComposer.swift in Sources */ = {isa = PBXBuildFile; fileRef = 18861FBF293108A30050556F /* LoginVCComposer.swift */; };
		18861FC329310B920050556F /* LoginDBRepository.swift in Sources */ = {isa = PBXBuildFile; fileRef = 18861FC229310B920050556F /* LoginDBRepository.swift */; };
		18861FC529310BB70050556F /* CTLoginDBRepository.swift in Sources */ = {isa = PBXBuildFile; fileRef = 18861FC429310BB70050556F /* CTLoginDBRepository.swift */; };
		188E985029390EF800FE95B9 /* Constants.swift in Sources */ = {isa = PBXBuildFile; fileRef = 188E984F29390EF800FE95B9 /* Constants.swift */; };
		4D46A1D7F6584E312F137A04 /* Pods_Carteck_Sample.framework in Frameworks */ = {isa = PBXBuildFile; fileRef = B9817E4D907BD412CE79133E /* Pods_Carteck_Sample.framework */; };
/* End PBXBuildFile section */

/* Begin PBXFileReference section */
		181BE63D2930937A00F80E1E /* Carteck Sample.app */ = {isa = PBXFileReference; explicitFileType = wrapper.application; includeInIndex = 0; path = "Carteck Sample.app"; sourceTree = BUILT_PRODUCTS_DIR; };
		181BE6402930937A00F80E1E /* AppDelegate.swift */ = {isa = PBXFileReference; lastKnownFileType = sourcecode.swift; path = AppDelegate.swift; sourceTree = "<group>"; };
		181BE6422930937A00F80E1E /* SceneDelegate.swift */ = {isa = PBXFileReference; lastKnownFileType = sourcecode.swift; path = SceneDelegate.swift; sourceTree = "<group>"; };
		181BE6442930937A00F80E1E /* HomeViewController.swift */ = {isa = PBXFileReference; lastKnownFileType = sourcecode.swift; path = HomeViewController.swift; sourceTree = "<group>"; };
		181BE64A2930937A00F80E1E /* Carteck_Sample.xcdatamodel */ = {isa = PBXFileReference; lastKnownFileType = wrapper.xcdatamodel; path = Carteck_Sample.xcdatamodel; sourceTree = "<group>"; };
		181BE64C2930937C00F80E1E /* Assets.xcassets */ = {isa = PBXFileReference; lastKnownFileType = folder.assetcatalog; path = Assets.xcassets; sourceTree = "<group>"; };
		181BE64F2930937C00F80E1E /* Base */ = {isa = PBXFileReference; lastKnownFileType = file.storyboard; name = Base; path = Base.lproj/LaunchScreen.storyboard; sourceTree = "<group>"; };
		181BE6512930937C00F80E1E /* Info.plist */ = {isa = PBXFileReference; lastKnownFileType = text.plist.xml; path = Info.plist; sourceTree = "<group>"; };
		181BE67829309C5800F80E1E /* HomeVCComposer.swift */ = {isa = PBXFileReference; lastKnownFileType = sourcecode.swift; path = HomeVCComposer.swift; sourceTree = "<group>"; };
		181BE67B29309CA800F80E1E /* HomeVCViewModel.swift */ = {isa = PBXFileReference; lastKnownFileType = sourcecode.swift; path = HomeVCViewModel.swift; sourceTree = "<group>"; };
		181BE67E2930A02300F80E1E /* NetworkClient.swift */ = {isa = PBXFileReference; fileEncoding = 4; lastKnownFileType = sourcecode.swift; path = NetworkClient.swift; sourceTree = "<group>"; };
		181BE67F2930A02300F80E1E /* NetworkManager.swift */ = {isa = PBXFileReference; fileEncoding = 4; lastKnownFileType = sourcecode.swift; path = NetworkManager.swift; sourceTree = "<group>"; };
		181BE6802930A02300F80E1E /* APIResult.swift */ = {isa = PBXFileReference; fileEncoding = 4; lastKnownFileType = sourcecode.swift; path = APIResult.swift; sourceTree = "<group>"; };
		181BE6812930A02300F80E1E /* Endpoint.swift */ = {isa = PBXFileReference; fileEncoding = 4; lastKnownFileType = sourcecode.swift; path = Endpoint.swift; sourceTree = "<group>"; };
		181BE6872930A08500F80E1E /* NibViewController.swift */ = {isa = PBXFileReference; lastKnownFileType = sourcecode.swift; path = NibViewController.swift; sourceTree = "<group>"; };
		181BE68A2930A0B900F80E1E /* HTTPURLResponseExt.swift */ = {isa = PBXFileReference; lastKnownFileType = sourcecode.swift; path = HTTPURLResponseExt.swift; sourceTree = "<group>"; };
		181BE68D2930A0EC00F80E1E /* AlertBehavior.swift */ = {isa = PBXFileReference; lastKnownFileType = sourcecode.swift; path = AlertBehavior.swift; sourceTree = "<group>"; };
		181BE68F2930A10E00F80E1E /* LoadingBehavior.swift */ = {isa = PBXFileReference; lastKnownFileType = sourcecode.swift; path = LoadingBehavior.swift; sourceTree = "<group>"; };
		185482492930F9A800BD6498 /* LoginViewController.swift */ = {isa = PBXFileReference; lastKnownFileType = sourcecode.swift; path = LoginViewController.swift; sourceTree = "<group>"; };
		1854824B2930F9CE00BD6498 /* LoginViewController.xib */ = {isa = PBXFileReference; lastKnownFileType = file.xib; path = LoginViewController.xib; sourceTree = "<group>"; };
		1854824D2930FA0000BD6498 /* LoginVCViewModel.swift */ = {isa = PBXFileReference; lastKnownFileType = sourcecode.swift; path = LoginVCViewModel.swift; sourceTree = "<group>"; };
		18630B092930A777007003DE /* AlertInfo.swift */ = {isa = PBXFileReference; lastKnownFileType = sourcecode.swift; path = AlertInfo.swift; sourceTree = "<group>"; };
		18630B0C2930A7C6007003DE /* AppSetup.swift */ = {isa = PBXFileReference; lastKnownFileType = sourcecode.swift; path = AppSetup.swift; sourceTree = "<group>"; };
		18630B0E2930A7DA007003DE /* Configurator.swift */ = {isa = PBXFileReference; lastKnownFileType = sourcecode.swift; path = Configurator.swift; sourceTree = "<group>"; };
		18630B112930A819007003DE /* APISettings.swift */ = {isa = PBXFileReference; lastKnownFileType = sourcecode.swift; path = APISettings.swift; sourceTree = "<group>"; };
		18630B132930A879007003DE /* CodableExt.swift */ = {isa = PBXFileReference; lastKnownFileType = sourcecode.swift; path = CodableExt.swift; sourceTree = "<group>"; };
		18630B162930AFD6007003DE /* UserAPI.swift */ = {isa = PBXFileReference; lastKnownFileType = sourcecode.swift; path = UserAPI.swift; sourceTree = "<group>"; };
		18630B192930B11C007003DE /* People.swift */ = {isa = PBXFileReference; lastKnownFileType = sourcecode.swift; path = People.swift; sourceTree = "<group>"; };
		18630B1C2930B2BB007003DE /* CTUserParser.swift */ = {isa = PBXFileReference; lastKnownFileType = sourcecode.swift; path = CTUserParser.swift; sourceTree = "<group>"; };
		18630B1E2930B31A007003DE /* UserParser.swift */ = {isa = PBXFileReference; lastKnownFileType = sourcecode.swift; path = UserParser.swift; sourceTree = "<group>"; };
		18630B202930B35E007003DE /* CTUserAPI.swift */ = {isa = PBXFileReference; lastKnownFileType = sourcecode.swift; path = CTUserAPI.swift; sourceTree = "<group>"; };
		18630B232930C545007003DE /* UserEndPoint.swift */ = {isa = PBXFileReference; lastKnownFileType = sourcecode.swift; path = UserEndPoint.swift; sourceTree = "<group>"; };
		18630B272930D01E007003DE /* APISettings-Debug.plist */ = {isa = PBXFileReference; lastKnownFileType = text.plist.xml; path = "APISettings-Debug.plist"; sourceTree = "<group>"; };
		18630B292930D123007003DE /* APISettings-Release.plist */ = {isa = PBXFileReference; lastKnownFileType = text.plist.xml; path = "APISettings-Release.plist"; sourceTree = "<group>"; };
		18630B2B2930D20F007003DE /* HomeViewController.xib */ = {isa = PBXFileReference; lastKnownFileType = file.xib; path = HomeViewController.xib; sourceTree = "<group>"; };
		18861FBF293108A30050556F /* LoginVCComposer.swift */ = {isa = PBXFileReference; lastKnownFileType = sourcecode.swift; path = LoginVCComposer.swift; sourceTree = "<group>"; };
		18861FC229310B920050556F /* LoginDBRepository.swift */ = {isa = PBXFileReference; lastKnownFileType = sourcecode.swift; path = LoginDBRepository.swift; sourceTree = "<group>"; };
		18861FC429310BB70050556F /* CTLoginDBRepository.swift */ = {isa = PBXFileReference; lastKnownFileType = sourcecode.swift; path = CTLoginDBRepository.swift; sourceTree = "<group>"; };
		188E984F29390EF800FE95B9 /* Constants.swift */ = {isa = PBXFileReference; lastKnownFileType = sourcecode.swift; path = Constants.swift; sourceTree = "<group>"; };
		808FBA3560667C174E54DC5B /* Pods-Carteck Sample.debug.xcconfig */ = {isa = PBXFileReference; includeInIndex = 1; lastKnownFileType = text.xcconfig; name = "Pods-Carteck Sample.debug.xcconfig"; path = "Target Support Files/Pods-Carteck Sample/Pods-Carteck Sample.debug.xcconfig"; sourceTree = "<group>"; };
		B3E11EAFA76345FF96B9B2C3 /* Pods_Carteck_SampleTests.framework */ = {isa = PBXFileReference; explicitFileType = wrapper.framework; includeInIndex = 0; path = Pods_Carteck_SampleTests.framework; sourceTree = BUILT_PRODUCTS_DIR; };
		B9817E4D907BD412CE79133E /* Pods_Carteck_Sample.framework */ = {isa = PBXFileReference; explicitFileType = wrapper.framework; includeInIndex = 0; path = Pods_Carteck_Sample.framework; sourceTree = BUILT_PRODUCTS_DIR; };
		E1EC9B7FDD00BB5C0750810B /* Pods-Carteck Sample.release.xcconfig */ = {isa = PBXFileReference; includeInIndex = 1; lastKnownFileType = text.xcconfig; name = "Pods-Carteck Sample.release.xcconfig"; path = "Target Support Files/Pods-Carteck Sample/Pods-Carteck Sample.release.xcconfig"; sourceTree = "<group>"; };
		F6CF83801842BF636EBD59CD /* Pods_Carteck_Sample_Carteck_SampleUITests.framework */ = {isa = PBXFileReference; explicitFileType = wrapper.framework; includeInIndex = 0; path = Pods_Carteck_Sample_Carteck_SampleUITests.framework; sourceTree = BUILT_PRODUCTS_DIR; };
/* End PBXFileReference section */

/* Begin PBXFrameworksBuildPhase section */
		181BE63A2930937A00F80E1E /* Frameworks */ = {
			isa = PBXFrameworksBuildPhase;
			buildActionMask = 2147483647;
			files = (
				4D46A1D7F6584E312F137A04 /* Pods_Carteck_Sample.framework in Frameworks */,
			);
			runOnlyForDeploymentPostprocessing = 0;
		};
/* End PBXFrameworksBuildPhase section */

/* Begin PBXGroup section */
		181BE6342930937A00F80E1E = {
			isa = PBXGroup;
			children = (
				181BE63F2930937A00F80E1E /* Carteck Sample */,
				181BE63E2930937A00F80E1E /* Products */,
				C082C55403D5623DF9594A09 /* Pods */,
				3FBD38826C9277F9B39568FF /* Frameworks */,
			);
			sourceTree = "<group>";
		};
		181BE63E2930937A00F80E1E /* Products */ = {
			isa = PBXGroup;
			children = (
				181BE63D2930937A00F80E1E /* Carteck Sample.app */,
			);
			name = Products;
			sourceTree = "<group>";
		};
		181BE63F2930937A00F80E1E /* Carteck Sample */ = {
			isa = PBXGroup;
			children = (
				188D9FF3293901300042ECAF /* ManagedObject */,
				181BE673293093CC00F80E1E /* AppDelegates */,
				181BE674293093DE00F80E1E /* Feature */,
				181BE675293093E500F80E1E /* Core */,
				181BE6772930941200F80E1E /* Storyboards */,
				181BE64C2930937C00F80E1E /* Assets.xcassets */,
				181BE6512930937C00F80E1E /* Info.plist */,
				181BE6492930937A00F80E1E /* Carteck_Sample.xcdatamodeld */,
			);
			path = "Carteck Sample";
			sourceTree = "<group>";
		};
		181BE673293093CC00F80E1E /* AppDelegates */ = {
			isa = PBXGroup;
			children = (
				181BE6402930937A00F80E1E /* AppDelegate.swift */,
				181BE6422930937A00F80E1E /* SceneDelegate.swift */,
			);
			path = AppDelegates;
			sourceTree = "<group>";
		};
		181BE674293093DE00F80E1E /* Feature */ = {
			isa = PBXGroup;
			children = (
				185482472930F98400BD6498 /* Login */,
				181BE6762930940100F80E1E /* Home */,
			);
			path = Feature;
			sourceTree = "<group>";
		};
		181BE675293093E500F80E1E /* Core */ = {
			isa = PBXGroup;
			children = (
				18630B102930A811007003DE /* Models */,
				18630B0B2930A7B6007003DE /* Setup */,
				181BE68C2930A0DD00F80E1E /* Behaviour */,
				181BE6892930A0AA00F80E1E /* Extensions */,
				181BE6862930A07200F80E1E /* UIComponent */,
				181BE67D2930A02300F80E1E /* Network */,
				18630B092930A777007003DE /* AlertInfo.swift */,
				188E984F29390EF800FE95B9 /* Constants.swift */,
			);
			path = Core;
			sourceTree = "<group>";
		};
		181BE6762930940100F80E1E /* Home */ = {
			isa = PBXGroup;
			children = (
				18630B222930C530007003DE /* Endpoint */,
				18630B1B2930B2AB007003DE /* Parser */,
				18630B182930B112007003DE /* Models */,
				18630B152930AFAD007003DE /* API */,
				181BE67A29309C8400F80E1E /* ViewController */,
			);
			path = Home;
			sourceTree = "<group>";
		};
		181BE6772930941200F80E1E /* Storyboards */ = {
			isa = PBXGroup;
			children = (
				181BE64E2930937C00F80E1E /* LaunchScreen.storyboard */,
			);
			path = Storyboards;
			sourceTree = "<group>";
		};
		181BE67A29309C8400F80E1E /* ViewController */ = {
			isa = PBXGroup;
			children = (
				181BE67829309C5800F80E1E /* HomeVCComposer.swift */,
				181BE6442930937A00F80E1E /* HomeViewController.swift */,
				18630B2B2930D20F007003DE /* HomeViewController.xib */,
				181BE67B29309CA800F80E1E /* HomeVCViewModel.swift */,
			);
			path = ViewController;
			sourceTree = "<group>";
		};
		181BE67D2930A02300F80E1E /* Network */ = {
			isa = PBXGroup;
			children = (
				181BE67E2930A02300F80E1E /* NetworkClient.swift */,
				181BE67F2930A02300F80E1E /* NetworkManager.swift */,
				181BE6802930A02300F80E1E /* APIResult.swift */,
				181BE6812930A02300F80E1E /* Endpoint.swift */,
			);
			path = Network;
			sourceTree = "<group>";
		};
		181BE6862930A07200F80E1E /* UIComponent */ = {
			isa = PBXGroup;
			children = (
				181BE6872930A08500F80E1E /* NibViewController.swift */,
			);
			path = UIComponent;
			sourceTree = "<group>";
		};
		181BE6892930A0AA00F80E1E /* Extensions */ = {
			isa = PBXGroup;
			children = (
				181BE68A2930A0B900F80E1E /* HTTPURLResponseExt.swift */,
				18630B132930A879007003DE /* CodableExt.swift */,
			);
			path = Extensions;
			sourceTree = "<group>";
		};
		181BE68C2930A0DD00F80E1E /* Behaviour */ = {
			isa = PBXGroup;
			children = (
				181BE68D2930A0EC00F80E1E /* AlertBehavior.swift */,
				181BE68F2930A10E00F80E1E /* LoadingBehavior.swift */,
			);
			path = Behaviour;
			sourceTree = "<group>";
		};
		185482472930F98400BD6498 /* Login */ = {
			isa = PBXGroup;
			children = (
				18861FC129310B6B0050556F /* Repository */,
				185482482930F99000BD6498 /* ViewController */,
			);
			path = Login;
			sourceTree = "<group>";
		};
		185482482930F99000BD6498 /* ViewController */ = {
			isa = PBXGroup;
			children = (
				185482492930F9A800BD6498 /* LoginViewController.swift */,
				1854824B2930F9CE00BD6498 /* LoginViewController.xib */,
				1854824D2930FA0000BD6498 /* LoginVCViewModel.swift */,
				18861FBF293108A30050556F /* LoginVCComposer.swift */,
			);
			path = ViewController;
			sourceTree = "<group>";
		};
		18630B0B2930A7B6007003DE /* Setup */ = {
			isa = PBXGroup;
			children = (
				18630B252930CFED007003DE /* APIConfiguration */,
				18630B0C2930A7C6007003DE /* AppSetup.swift */,
				18630B0E2930A7DA007003DE /* Configurator.swift */,
			);
			path = Setup;
			sourceTree = "<group>";
		};
		18630B102930A811007003DE /* Models */ = {
			isa = PBXGroup;
			children = (
				18630B112930A819007003DE /* APISettings.swift */,
			);
			path = Models;
			sourceTree = "<group>";
		};
		18630B152930AFAD007003DE /* API */ = {
			isa = PBXGroup;
			children = (
				18630B162930AFD6007003DE /* UserAPI.swift */,
				18630B202930B35E007003DE /* CTUserAPI.swift */,
			);
			path = API;
			sourceTree = "<group>";
		};
		18630B182930B112007003DE /* Models */ = {
			isa = PBXGroup;
			children = (
				18630B192930B11C007003DE /* People.swift */,
			);
			path = Models;
			sourceTree = "<group>";
		};
		18630B1B2930B2AB007003DE /* Parser */ = {
			isa = PBXGroup;
			children = (
				18630B1E2930B31A007003DE /* UserParser.swift */,
				18630B1C2930B2BB007003DE /* CTUserParser.swift */,
			);
			path = Parser;
			sourceTree = "<group>";
		};
		18630B222930C530007003DE /* Endpoint */ = {
			isa = PBXGroup;
			children = (
				18630B232930C545007003DE /* UserEndPoint.swift */,
			);
			path = Endpoint;
			sourceTree = "<group>";
		};
		18630B252930CFED007003DE /* APIConfiguration */ = {
			isa = PBXGroup;
			children = (
				18630B272930D01E007003DE /* APISettings-Debug.plist */,
				18630B292930D123007003DE /* APISettings-Release.plist */,
			);
			path = APIConfiguration;
			sourceTree = "<group>";
		};
		18861FC129310B6B0050556F /* Repository */ = {
			isa = PBXGroup;
			children = (
				18861FC229310B920050556F /* LoginDBRepository.swift */,
				18861FC429310BB70050556F /* CTLoginDBRepository.swift */,
			);
			path = Repository;
			sourceTree = "<group>";
		};
		188D9FF3293901300042ECAF /* ManagedObject */ = {
			isa = PBXGroup;
			children = (
			);
			path = ManagedObject;
			sourceTree = "<group>";
		};
		3FBD38826C9277F9B39568FF /* Frameworks */ = {
			isa = PBXGroup;
			children = (
				F6CF83801842BF636EBD59CD /* Pods_Carteck_Sample_Carteck_SampleUITests.framework */,
				B3E11EAFA76345FF96B9B2C3 /* Pods_Carteck_SampleTests.framework */,
				B9817E4D907BD412CE79133E /* Pods_Carteck_Sample.framework */,
			);
			name = Frameworks;
			sourceTree = "<group>";
		};
		C082C55403D5623DF9594A09 /* Pods */ = {
			isa = PBXGroup;
			children = (
				808FBA3560667C174E54DC5B /* Pods-Carteck Sample.debug.xcconfig */,
				E1EC9B7FDD00BB5C0750810B /* Pods-Carteck Sample.release.xcconfig */,
			);
			path = Pods;
			sourceTree = "<group>";
		};
/* End PBXGroup section */

/* Begin PBXNativeTarget section */
		181BE63C2930937A00F80E1E /* Carteck Sample */ = {
			isa = PBXNativeTarget;
			buildConfigurationList = 181BE66A2930937D00F80E1E /* Build configuration list for PBXNativeTarget "Carteck Sample" */;
			buildPhases = (
				CCD1DC7594354296BE32079E /* [CP] Check Pods Manifest.lock */,
				181BE6392930937A00F80E1E /* Sources */,
				181BE63A2930937A00F80E1E /* Frameworks */,
				181BE63B2930937A00F80E1E /* Resources */,
				A0795D95BCC87DFF9014B743 /* [CP] Embed Pods Frameworks */,
			);
			buildRules = (
			);
			dependencies = (
			);
			name = "Carteck Sample";
			productName = "Carteck Sample";
			productReference = 181BE63D2930937A00F80E1E /* Carteck Sample.app */;
			productType = "com.apple.product-type.application";
		};
/* End PBXNativeTarget section */

/* Begin PBXProject section */
		181BE6352930937A00F80E1E /* Project object */ = {
			isa = PBXProject;
			attributes = {
				BuildIndependentTargetsInParallel = 1;
				LastSwiftUpdateCheck = 1410;
				LastUpgradeCheck = 1410;
				TargetAttributes = {
					181BE63C2930937A00F80E1E = {
						CreatedOnToolsVersion = 14.1;
					};
				};
			};
			buildConfigurationList = 181BE6382930937A00F80E1E /* Build configuration list for PBXProject "Carteck Sample" */;
			compatibilityVersion = "Xcode 14.0";
			developmentRegion = en;
			hasScannedForEncodings = 0;
			knownRegions = (
				en,
				Base,
			);
			mainGroup = 181BE6342930937A00F80E1E;
			productRefGroup = 181BE63E2930937A00F80E1E /* Products */;
			projectDirPath = "";
			projectRoot = "";
			targets = (
				181BE63C2930937A00F80E1E /* Carteck Sample */,
			);
		};
/* End PBXProject section */

/* Begin PBXResourcesBuildPhase section */
		181BE63B2930937A00F80E1E /* Resources */ = {
			isa = PBXResourcesBuildPhase;
			buildActionMask = 2147483647;
			files = (
				18630B282930D01E007003DE /* APISettings-Debug.plist in Resources */,
				18630B2A2930D123007003DE /* APISettings-Release.plist in Resources */,
				1854824C2930F9CE00BD6498 /* LoginViewController.xib in Resources */,
				18630B2C2930D20F007003DE /* HomeViewController.xib in Resources */,
				181BE6502930937C00F80E1E /* LaunchScreen.storyboard in Resources */,
				181BE64D2930937C00F80E1E /* Assets.xcassets in Resources */,
			);
			runOnlyForDeploymentPostprocessing = 0;
		};
/* End PBXResourcesBuildPhase section */

/* Begin PBXShellScriptBuildPhase section */
		A0795D95BCC87DFF9014B743 /* [CP] Embed Pods Frameworks */ = {
			isa = PBXShellScriptBuildPhase;
			buildActionMask = 2147483647;
			files = (
			);
			inputFileListPaths = (
				"${PODS_ROOT}/Target Support Files/Pods-Carteck Sample/Pods-Carteck Sample-frameworks-${CONFIGURATION}-input-files.xcfilelist",
			);
			name = "[CP] Embed Pods Frameworks";
			outputFileListPaths = (
				"${PODS_ROOT}/Target Support Files/Pods-Carteck Sample/Pods-Carteck Sample-frameworks-${CONFIGURATION}-output-files.xcfilelist",
			);
			runOnlyForDeploymentPostprocessing = 0;
			shellPath = /bin/sh;
			shellScript = "\"${PODS_ROOT}/Target Support Files/Pods-Carteck Sample/Pods-Carteck Sample-frameworks.sh\"\n";
			showEnvVarsInLog = 0;
		};
		CCD1DC7594354296BE32079E /* [CP] Check Pods Manifest.lock */ = {
			isa = PBXShellScriptBuildPhase;
			buildActionMask = 2147483647;
			files = (
			);
			inputFileListPaths = (
			);
			inputPaths = (
				"${PODS_PODFILE_DIR_PATH}/Podfile.lock",
				"${PODS_ROOT}/Manifest.lock",
			);
			name = "[CP] Check Pods Manifest.lock";
			outputFileListPaths = (
			);
			outputPaths = (
				"$(DERIVED_FILE_DIR)/Pods-Carteck Sample-checkManifestLockResult.txt",
			);
			runOnlyForDeploymentPostprocessing = 0;
			shellPath = /bin/sh;
			shellScript = "diff \"${PODS_PODFILE_DIR_PATH}/Podfile.lock\" \"${PODS_ROOT}/Manifest.lock\" > /dev/null\nif [ $? != 0 ] ; then\n    # print error to STDERR\n    echo \"error: The sandbox is not in sync with the Podfile.lock. Run 'pod install' or update your CocoaPods installation.\" >&2\n    exit 1\nfi\n# This output is used by Xcode 'outputs' to avoid re-running this script phase.\necho \"SUCCESS\" > \"${SCRIPT_OUTPUT_FILE_0}\"\n";
			showEnvVarsInLog = 0;
		};
/* End PBXShellScriptBuildPhase section */

/* Begin PBXSourcesBuildPhase section */
		181BE6392930937A00F80E1E /* Sources */ = {
			isa = PBXSourcesBuildPhase;
			buildActionMask = 2147483647;
			files = (
				181BE6902930A10E00F80E1E /* LoadingBehavior.swift in Sources */,
				18630B0F2930A7DA007003DE /* Configurator.swift in Sources */,
				18630B212930B35E007003DE /* CTUserAPI.swift in Sources */,
				181BE6842930A02300F80E1E /* APIResult.swift in Sources */,
				181BE6882930A08500F80E1E /* NibViewController.swift in Sources */,
				18630B1F2930B31A007003DE /* UserParser.swift in Sources */,
				18861FC0293108A30050556F /* LoginVCComposer.swift in Sources */,
				181BE67C29309CA800F80E1E /* HomeVCViewModel.swift in Sources */,
				18630B122930A819007003DE /* APISettings.swift in Sources */,
				188E985029390EF800FE95B9 /* Constants.swift in Sources */,
				181BE6452930937A00F80E1E /* HomeViewController.swift in Sources */,
				181BE64B2930937A00F80E1E /* Carteck_Sample.xcdatamodeld in Sources */,
				18630B242930C545007003DE /* UserEndPoint.swift in Sources */,
				181BE6852930A02300F80E1E /* Endpoint.swift in Sources */,
				181BE68B2930A0B900F80E1E /* HTTPURLResponseExt.swift in Sources */,
				18861FC329310B920050556F /* LoginDBRepository.swift in Sources */,
				181BE67929309C5800F80E1E /* HomeVCComposer.swift in Sources */,
				181BE6832930A02300F80E1E /* NetworkManager.swift in Sources */,
				181BE68E2930A0EC00F80E1E /* AlertBehavior.swift in Sources */,
				18630B172930AFD6007003DE /* UserAPI.swift in Sources */,
				18630B142930A879007003DE /* CodableExt.swift in Sources */,
				1854824E2930FA0000BD6498 /* LoginVCViewModel.swift in Sources */,
				18630B1D2930B2BB007003DE /* CTUserParser.swift in Sources */,
				18630B0D2930A7C6007003DE /* AppSetup.swift in Sources */,
				18630B0A2930A777007003DE /* AlertInfo.swift in Sources */,
				18861FC529310BB70050556F /* CTLoginDBRepository.swift in Sources */,
				181BE6822930A02300F80E1E /* NetworkClient.swift in Sources */,
				181BE6412930937A00F80E1E /* AppDelegate.swift in Sources */,
				181BE6432930937A00F80E1E /* SceneDelegate.swift in Sources */,
				1854824A2930F9A800BD6498 /* LoginViewController.swift in Sources */,
				18630B1A2930B11C007003DE /* People.swift in Sources */,
			);
			runOnlyForDeploymentPostprocessing = 0;
		};
/* End PBXSourcesBuildPhase section */

/* Begin PBXVariantGroup section */
		181BE64E2930937C00F80E1E /* LaunchScreen.storyboard */ = {
			isa = PBXVariantGroup;
			children = (
				181BE64F2930937C00F80E1E /* Base */,
			);
			name = LaunchScreen.storyboard;
			sourceTree = "<group>";
		};
/* End PBXVariantGroup section */

/* Begin XCBuildConfiguration section */
		181BE6682930937D00F80E1E /* Debug */ = {
			isa = XCBuildConfiguration;
			buildSettings = {
				ALWAYS_SEARCH_USER_PATHS = NO;
				CLANG_ANALYZER_NONNULL = YES;
				CLANG_ANALYZER_NUMBER_OBJECT_CONVERSION = YES_AGGRESSIVE;
				CLANG_CXX_LANGUAGE_STANDARD = "gnu++20";
				CLANG_ENABLE_MODULES = YES;
				CLANG_ENABLE_OBJC_ARC = YES;
				CLANG_ENABLE_OBJC_WEAK = YES;
				CLANG_WARN_BLOCK_CAPTURE_AUTORELEASING = YES;
				CLANG_WARN_BOOL_CONVERSION = YES;
				CLANG_WARN_COMMA = YES;
				CLANG_WARN_CONSTANT_CONVERSION = YES;
				CLANG_WARN_DEPRECATED_OBJC_IMPLEMENTATIONS = YES;
				CLANG_WARN_DIRECT_OBJC_ISA_USAGE = YES_ERROR;
				CLANG_WARN_DOCUMENTATION_COMMENTS = YES;
				CLANG_WARN_EMPTY_BODY = YES;
				CLANG_WARN_ENUM_CONVERSION = YES;
				CLANG_WARN_INFINITE_RECURSION = YES;
				CLANG_WARN_INT_CONVERSION = YES;
				CLANG_WARN_NON_LITERAL_NULL_CONVERSION = YES;
				CLANG_WARN_OBJC_IMPLICIT_RETAIN_SELF = YES;
				CLANG_WARN_OBJC_LITERAL_CONVERSION = YES;
				CLANG_WARN_OBJC_ROOT_CLASS = YES_ERROR;
				CLANG_WARN_QUOTED_INCLUDE_IN_FRAMEWORK_HEADER = YES;
				CLANG_WARN_RANGE_LOOP_ANALYSIS = YES;
				CLANG_WARN_STRICT_PROTOTYPES = YES;
				CLANG_WARN_SUSPICIOUS_MOVE = YES;
				CLANG_WARN_UNGUARDED_AVAILABILITY = YES_AGGRESSIVE;
				CLANG_WARN_UNREACHABLE_CODE = YES;
				CLANG_WARN__DUPLICATE_METHOD_MATCH = YES;
				COPY_PHASE_STRIP = NO;
				DEBUG_INFORMATION_FORMAT = dwarf;
				ENABLE_STRICT_OBJC_MSGSEND = YES;
				ENABLE_TESTABILITY = YES;
				GCC_C_LANGUAGE_STANDARD = gnu11;
				GCC_DYNAMIC_NO_PIC = NO;
				GCC_NO_COMMON_BLOCKS = YES;
				GCC_OPTIMIZATION_LEVEL = 0;
				GCC_PREPROCESSOR_DEFINITIONS = (
					"DEBUG=1",
					"$(inherited)",
				);
				GCC_WARN_64_TO_32_BIT_CONVERSION = YES;
				GCC_WARN_ABOUT_RETURN_TYPE = YES_ERROR;
				GCC_WARN_UNDECLARED_SELECTOR = YES;
				GCC_WARN_UNINITIALIZED_AUTOS = YES_AGGRESSIVE;
				GCC_WARN_UNUSED_FUNCTION = YES;
				GCC_WARN_UNUSED_VARIABLE = YES;
				IPHONEOS_DEPLOYMENT_TARGET = 16.1;
				MTL_ENABLE_DEBUG_INFO = INCLUDE_SOURCE;
				MTL_FAST_MATH = YES;
				ONLY_ACTIVE_ARCH = YES;
				SDKROOT = iphoneos;
				SWIFT_ACTIVE_COMPILATION_CONDITIONS = DEBUG;
				SWIFT_OPTIMIZATION_LEVEL = "-Onone";
			};
			name = Debug;
		};
		181BE6692930937D00F80E1E /* Release */ = {
			isa = XCBuildConfiguration;
			buildSettings = {
				ALWAYS_SEARCH_USER_PATHS = NO;
				CLANG_ANALYZER_NONNULL = YES;
				CLANG_ANALYZER_NUMBER_OBJECT_CONVERSION = YES_AGGRESSIVE;
				CLANG_CXX_LANGUAGE_STANDARD = "gnu++20";
				CLANG_ENABLE_MODULES = YES;
				CLANG_ENABLE_OBJC_ARC = YES;
				CLANG_ENABLE_OBJC_WEAK = YES;
				CLANG_WARN_BLOCK_CAPTURE_AUTORELEASING = YES;
				CLANG_WARN_BOOL_CONVERSION = YES;
				CLANG_WARN_COMMA = YES;
				CLANG_WARN_CONSTANT_CONVERSION = YES;
				CLANG_WARN_DEPRECATED_OBJC_IMPLEMENTATIONS = YES;
				CLANG_WARN_DIRECT_OBJC_ISA_USAGE = YES_ERROR;
				CLANG_WARN_DOCUMENTATION_COMMENTS = YES;
				CLANG_WARN_EMPTY_BODY = YES;
				CLANG_WARN_ENUM_CONVERSION = YES;
				CLANG_WARN_INFINITE_RECURSION = YES;
				CLANG_WARN_INT_CONVERSION = YES;
				CLANG_WARN_NON_LITERAL_NULL_CONVERSION = YES;
				CLANG_WARN_OBJC_IMPLICIT_RETAIN_SELF = YES;
				CLANG_WARN_OBJC_LITERAL_CONVERSION = YES;
				CLANG_WARN_OBJC_ROOT_CLASS = YES_ERROR;
				CLANG_WARN_QUOTED_INCLUDE_IN_FRAMEWORK_HEADER = YES;
				CLANG_WARN_RANGE_LOOP_ANALYSIS = YES;
				CLANG_WARN_STRICT_PROTOTYPES = YES;
				CLANG_WARN_SUSPICIOUS_MOVE = YES;
				CLANG_WARN_UNGUARDED_AVAILABILITY = YES_AGGRESSIVE;
				CLANG_WARN_UNREACHABLE_CODE = YES;
				CLANG_WARN__DUPLICATE_METHOD_MATCH = YES;
				COPY_PHASE_STRIP = NO;
				DEBUG_INFORMATION_FORMAT = "dwarf-with-dsym";
				ENABLE_NS_ASSERTIONS = NO;
				ENABLE_STRICT_OBJC_MSGSEND = YES;
				GCC_C_LANGUAGE_STANDARD = gnu11;
				GCC_NO_COMMON_BLOCKS = YES;
				GCC_WARN_64_TO_32_BIT_CONVERSION = YES;
				GCC_WARN_ABOUT_RETURN_TYPE = YES_ERROR;
				GCC_WARN_UNDECLARED_SELECTOR = YES;
				GCC_WARN_UNINITIALIZED_AUTOS = YES_AGGRESSIVE;
				GCC_WARN_UNUSED_FUNCTION = YES;
				GCC_WARN_UNUSED_VARIABLE = YES;
				IPHONEOS_DEPLOYMENT_TARGET = 16.1;
				MTL_ENABLE_DEBUG_INFO = NO;
				MTL_FAST_MATH = YES;
				SDKROOT = iphoneos;
				SWIFT_COMPILATION_MODE = wholemodule;
				SWIFT_OPTIMIZATION_LEVEL = "-O";
				VALIDATE_PRODUCT = YES;
			};
			name = Release;
		};
		181BE66B2930937D00F80E1E /* Debug */ = {
			isa = XCBuildConfiguration;
			baseConfigurationReference = 808FBA3560667C174E54DC5B /* Pods-Carteck Sample.debug.xcconfig */;
			buildSettings = {
				API_SETTINGS_FILE = "APISettings-Debug";
				ASSETCATALOG_COMPILER_APPICON_NAME = AppIcon;
				ASSETCATALOG_COMPILER_GLOBAL_ACCENT_COLOR_NAME = AccentColor;
				CODE_SIGN_STYLE = Automatic;
				CURRENT_PROJECT_VERSION = 1;
				GENERATE_INFOPLIST_FILE = YES;
				INFOPLIST_FILE = "Carteck Sample/Info.plist";
				INFOPLIST_KEY_UIApplicationSupportsIndirectInputEvents = YES;
				INFOPLIST_KEY_UILaunchStoryboardName = LaunchScreen;
				INFOPLIST_KEY_UIMainStoryboardFile = "";
				INFOPLIST_KEY_UISupportedInterfaceOrientations_iPad = "UIInterfaceOrientationPortrait UIInterfaceOrientationPortraitUpsideDown UIInterfaceOrientationLandscapeLeft UIInterfaceOrientationLandscapeRight";
				INFOPLIST_KEY_UISupportedInterfaceOrientations_iPhone = "UIInterfaceOrientationPortrait UIInterfaceOrientationLandscapeLeft UIInterfaceOrientationLandscapeRight";
				IPHONEOS_DEPLOYMENT_TARGET = 13.0;
				LD_RUNPATH_SEARCH_PATHS = (
					"$(inherited)",
					"@executable_path/Frameworks",
				);
				MARKETING_VERSION = 1.0;
				PRODUCT_BUNDLE_IDENTIFIER = "com.YB.Carteck-Sample";
				PRODUCT_NAME = "$(TARGET_NAME)";
				SWIFT_EMIT_LOC_STRINGS = YES;
				SWIFT_VERSION = 5.0;
				TARGETED_DEVICE_FAMILY = "1,2";
			};
			name = Debug;
		};
		181BE66C2930937D00F80E1E /* Release */ = {
			isa = XCBuildConfiguration;
			baseConfigurationReference = E1EC9B7FDD00BB5C0750810B /* Pods-Carteck Sample.release.xcconfig */;
			buildSettings = {
				API_SETTINGS_FILE = "APISettings-Release";
				ASSETCATALOG_COMPILER_APPICON_NAME = AppIcon;
				ASSETCATALOG_COMPILER_GLOBAL_ACCENT_COLOR_NAME = AccentColor;
				CODE_SIGN_STYLE = Automatic;
				CURRENT_PROJECT_VERSION = 1;
				GENERATE_INFOPLIST_FILE = YES;
				INFOPLIST_FILE = "Carteck Sample/Info.plist";
				INFOPLIST_KEY_UIApplicationSupportsIndirectInputEvents = YES;
				INFOPLIST_KEY_UILaunchStoryboardName = LaunchScreen;
				INFOPLIST_KEY_UIMainStoryboardFile = "";
				INFOPLIST_KEY_UISupportedInterfaceOrientations_iPad = "UIInterfaceOrientationPortrait UIInterfaceOrientationPortraitUpsideDown UIInterfaceOrientationLandscapeLeft UIInterfaceOrientationLandscapeRight";
				INFOPLIST_KEY_UISupportedInterfaceOrientations_iPhone = "UIInterfaceOrientationPortrait UIInterfaceOrientationLandscapeLeft UIInterfaceOrientationLandscapeRight";
				IPHONEOS_DEPLOYMENT_TARGET = 13.0;
				LD_RUNPATH_SEARCH_PATHS = (
					"$(inherited)",
					"@executable_path/Frameworks",
				);
				MARKETING_VERSION = 1.0;
				PRODUCT_BUNDLE_IDENTIFIER = "com.YB.Carteck-Sample";
				PRODUCT_NAME = "$(TARGET_NAME)";
				SWIFT_EMIT_LOC_STRINGS = YES;
				SWIFT_VERSION = 5.0;
				TARGETED_DEVICE_FAMILY = "1,2";
			};
			name = Release;
		};
/* End XCBuildConfiguration section */

/* Begin XCConfigurationList section */
		181BE6382930937A00F80E1E /* Build configuration list for PBXProject "Carteck Sample" */ = {
			isa = XCConfigurationList;
			buildConfigurations = (
				181BE6682930937D00F80E1E /* Debug */,
				181BE6692930937D00F80E1E /* Release */,
			);
			defaultConfigurationIsVisible = 0;
			defaultConfigurationName = Release;
		};
		181BE66A2930937D00F80E1E /* Build configuration list for PBXNativeTarget "Carteck Sample" */ = {
			isa = XCConfigurationList;
			buildConfigurations = (
				181BE66B2930937D00F80E1E /* Debug */,
				181BE66C2930937D00F80E1E /* Release */,
			);
			defaultConfigurationIsVisible = 0;
			defaultConfigurationName = Release;
		};
/* End XCConfigurationList section */

/* Begin XCVersionGroup section */
		181BE6492930937A00F80E1E /* Carteck_Sample.xcdatamodeld */ = {
			isa = XCVersionGroup;
			children = (
				181BE64A2930937A00F80E1E /* Carteck_Sample.xcdatamodel */,
			);
			currentVersion = 181BE64A2930937A00F80E1E /* Carteck_Sample.xcdatamodel */;
			path = Carteck_Sample.xcdatamodeld;
			sourceTree = "<group>";
			versionGroupType = wrapper.xcdatamodel;
		};
/* End XCVersionGroup section */
	};
	rootObject = 181BE6352930937A00F80E1E /* Project object */;
}
